
Microsoft Visual Studio Solution File, Format Version 12.00
# Visual Studio 15
VisualStudioVersion = 15.0.28307.1267
MinimumVisualStudioVersion = 10.0.40219.1
Project("{159641D6-6404-4A2A-AE62-294DE0FE8301}") = "Integration Services Project4", "Integration Services Project4\Integration Services Project4.dtproj", "{B7BFDCC7-46F0-4F3E-8E6B-FA41D86F6AEC}"
EndProject
Global
	GlobalSection(SolutionConfigurationPlatforms) = preSolution
		Development|Default = Development|Default
	EndGlobalSection
	GlobalSection(ProjectConfigurationPlatforms) = postSolution
		{B7BFDCC7-46F0-4F3E-8E6B-FA41D86F6AEC}.Development|Default.ActiveCfg = Development
		{B7BFDCC7-46F0-4F3E-8E6B-FA41D86F6AEC}.Development|Default.Build.0 = Development
	EndGlobalSection
	GlobalSection(SolutionProperties) = preSolution
		HideSolutionNode = FALSE
	EndGlobalSection
	GlobalSection(ExtensibilityGlobals) = postSolution
		SolutionGuid = {6ED14719-781D-4B16-ABC7-B5FECF2348BE}
	EndGlobalSection
EndGlobal
