
Microsoft Visual Studio Solution File, Format Version 12.00
# Visual Studio 15
VisualStudioVersion = 15.0.28307.1267
MinimumVisualStudioVersion = 10.0.40219.1
Project("{159641D6-6404-4A2A-AE62-294DE0FE8301}") = "Integration Services Project5", "Integration Services Project5\Integration Services Project5.dtproj", "{984799B8-BC5B-44F3-9FB0-895A11C9739C}"
EndProject
Global
	GlobalSection(SolutionConfigurationPlatforms) = preSolution
		Development|Default = Development|Default
	EndGlobalSection
	GlobalSection(ProjectConfigurationPlatforms) = postSolution
		{984799B8-BC5B-44F3-9FB0-895A11C9739C}.Development|Default.ActiveCfg = Development
		{984799B8-BC5B-44F3-9FB0-895A11C9739C}.Development|Default.Build.0 = Development
	EndGlobalSection
	GlobalSection(SolutionProperties) = preSolution
		HideSolutionNode = FALSE
	EndGlobalSection
	GlobalSection(ExtensibilityGlobals) = postSolution
		SolutionGuid = {E22DD61A-7925-425B-941C-2A841411499A}
	EndGlobalSection
EndGlobal
